{
  "nodes": {
    "platform": {
      "flake": false,
      "locked": {
        "lastModified": 1785207764,
        "narHash": "sha256-3ZkMjWop0/c57oteBXfHUGvXksRK3EHEMJeShIAccFI=",
        "owner": "pg83",
        "repo": "platform",
        "rev": "89647e91af45513de60e731071401f9161404857",
        "type": "github"
      },
      "original": {
        "owner": "pg83",
        "repo": "platform",
        "rev": "89647e91af45513de60e731071401f9161404857",
        "type": "github"
      }
    },
    "libstd": {
      "flake": false,
      "locked": {
        "lastModified": 1784759405,
        "narHash": "sha256-K209YAJSDrcadjFyI0/oL8W5nW/P5YtpJYUnwKtwfyY=",
        "owner": "pg83",
        "repo": "std",
        "rev": "6ab662255eb2c459e5e69e13248c964eef5eedc1",
        "type": "github"
      },
      "original": {
        "owner": "pg83",
        "repo": "std",
        "rev": "6ab662255eb2c459e5e69e13248c964eef5eedc1",
        "type": "github"
      }
    },
    "nixpkgs": {
      "locked": {
        "lastModified": 1785090369,
        "narHash": "sha256-m0pDuRJG7EDo9ri+4Ksu83VsI+PlxNC9lNBfydejce4=",
        "owner": "NixOS",
        "repo": "nixpkgs",
        "rev": "624af665418d3c65d544145b4d34ad696439570e",
        "type": "github"
      },
      "original": {
        "owner": "NixOS",
        "ref": "nixos-unstable",
        "repo": "nixpkgs",
        "type": "github"
      }
    },
    "root": {
      "inputs": {
        "libstd": "libstd",
        "nixpkgs": "nixpkgs",
        "platform": "platform"
      }
    }
  },
  "root": "root",
  "version": 7
}
