{
  "nodes": {
    "libstd": {
      "flake": false,
      "locked": {
        "lastModified": 1785455067,
        "narHash": "sha256-FrpPp64KbFFYPb0g90UnvCGegnsRTT3aFvD7TJeowZY=",
        "owner": "pg83",
        "repo": "std",
        "rev": "1823073b33e072568b28261b43970e9c81074d37",
        "type": "github"
      },
      "original": {
        "owner": "pg83",
        "repo": "std",
        "rev": "1823073b33e072568b28261b43970e9c81074d37",
        "type": "github"
      }
    },
    "nixpkgs": {
      "locked": {
        "lastModified": 1785090369,
        "narHash": "sha256-m0pDuRJG7EDo9ri+4Ksu83VsI+PlxNC9lNBfydejce4=",
        "owner": "NixOS",
        "repo": "nixpkgs",
        "rev": "624af665418d3c65d544145b4d34ad696439570e",
        "type": "github"
      },
      "original": {
        "owner": "NixOS",
        "ref": "nixos-unstable",
        "repo": "nixpkgs",
        "type": "github"
      }
    },
    "root": {
      "inputs": {
        "libstd": "libstd",
        "nixpkgs": "nixpkgs"
      }
    }
  },
  "root": "root",
  "version": 7
}
